
Microsoft Visual Studio Solution File, Format Version 11.00
# Visual Studio 2010
Project("{FAE04EC0-301F-11D3-BF4B-00C04F79EFBC}") = "SocketSlim", "SocketSlim\SocketSlim.csproj", "{136B2B39-3C6C-475C-9B4B-26F72594FBC1}"
EndProject
Global
	GlobalSection(SolutionConfigurationPlatforms) = preSolution
		Debug|Any CPU = Debug|Any CPU
		Release|Any CPU = Release|Any CPU
	EndGlobalSection
	GlobalSection(ProjectConfigurationPlatforms) = postSolution
		{136B2B39-3C6C-475C-9B4B-26F72594FBC1}.Debug|Any CPU.ActiveCfg = Debug|Any CPU
		{136B2B39-3C6C-475C-9B4B-26F72594FBC1}.Debug|Any CPU.Build.0 = Debug|Any CPU
		{136B2B39-3C6C-475C-9B4B-26F72594FBC1}.Release|Any CPU.ActiveCfg = Release|Any CPU
		{136B2B39-3C6C-475C-9B4B-26F72594FBC1}.Release|Any CPU.Build.0 = Release|Any CPU
	EndGlobalSection
	GlobalSection(SolutionProperties) = preSolution
		HideSolutionNode = FALSE
	EndGlobalSection
EndGlobal
